<?xml version="1.0" encoding="utf-8"?>
<Project ToolsVersion="4.0" xmlns="http://schemas.microsoft.com/developer/msbuild/2003">
  <ItemGroup>
    <Filter Include="Source Files">
      <UniqueIdentifier>{4FC737F1-C7A5-4376-A066-2A32D752A2FF}</UniqueIdentifier>
      <Extensions>cpp;c;cc;cxx;def;odl;idl;hpj;bat;asm;asmx</Extensions>
    </Filter>
    <Filter Include="Source Files\utils">
      <UniqueIdentifier>{4d02482f-1374-41c7-9681-9342e6af1d8d}</UniqueIdentifier>
    </Filter>
    <Filter Include="Source Files\app">
      <UniqueIdentifier>{b0f560fc-646f-4c11-9924-aad90f6c68c5}</UniqueIdentifier>
    </Filter>
    <Filter Include="Source Files\app\version">
      <UniqueIdentifier>{e41bb04c-0fcb-4427-99fb-580a8bd96075}</UniqueIdentifier>
    </Filter>
    <Filter Include="Source Files\app\font">
      <UniqueIdentifier>{225fa615-5102-4152-aaf0-529b69645e35}</UniqueIdentifier>
    </Filter>
    <Filter Include="Source Files\app\main_text">
      <UniqueIdentifier>{028db1bf-5d62-43c3-bf89-1b7eefe2e694}</UniqueIdentifier>
    </Filter>
    <Filter Include="Source Files\app\tooltip_and_button">
      <UniqueIdentifier>{c5fe84dd-9294-4bf0-8581-1c5c28290f96}</UniqueIdentifier>
    </Filter>
    <Filter Include="Source Files\app\map_view">
      <UniqueIdentifier>{fa3fa132-80e4-409f-a69b-38602080539f}</UniqueIdentifier>
    </Filter>
    <Filter Include="Source Files\app\map_adjustment">
      <UniqueIdentifier>{cefa1599-a81d-4e04-bf95-f91661b4cc5e}</UniqueIdentifier>
    </Filter>
    <Filter Include="Source Files\app\map_justify">
      <UniqueIdentifier>{dbe55493-4235-438e-8a66-a6911912ee56}</UniqueIdentifier>
    </Filter>
    <Filter Include="Source Files\app\event_dialog">
      <UniqueIdentifier>{713cd3a0-5b25-43d6-af8d-c8ae58b1046c}</UniqueIdentifier>
    </Filter>
    <Filter Include="Source Files\app\map_popup">
      <UniqueIdentifier>{a7c03edc-bbe8-4a35-aa16-3c4899368d37}</UniqueIdentifier>
    </Filter>
    <Filter Include="Source Files\app\list_field_adjustment">
      <UniqueIdentifier>{ea063e43-633a-4795-a1d4-e0aead62ec8c}</UniqueIdentifier>
    </Filter>
    <Filter Include="Source Files\app\validator">
      <UniqueIdentifier>{4b34a37f-a3f8-43f0-9912-f4da0e659988}</UniqueIdentifier>
    </Filter>
    <Filter Include="Source Files\app\file_save">
      <UniqueIdentifier>{d18df3a6-eb44-41b7-aff8-d2fd7d13b495}</UniqueIdentifier>
    </Filter>
    <Filter Include="Source Files\app\date">
      <UniqueIdentifier>{6a8bec9d-9bd3-4540-a331-491fd6d00c91}</UniqueIdentifier>
    </Filter>
    <Filter Include="Source Files\app\map_nudge_view">
      <UniqueIdentifier>{0da0e017-dd4c-4760-86a0-d4c87d409c67}</UniqueIdentifier>
    </Filter>
    <Filter Include="Source Files\app\ime">
      <UniqueIdentifier>{7171d39c-fac0-4741-af23-6fac010313fb}</UniqueIdentifier>
    </Filter>
    <Filter Include="Source Files\app\input">
      <UniqueIdentifier>{07d30c43-6921-4a95-af27-1fb217d3c3dc}</UniqueIdentifier>
    </Filter>
    <Filter Include="Source Files\app\options">
      <UniqueIdentifier>{d09a302e-b226-490e-ad0c-f444408b198f}</UniqueIdentifier>
    </Filter>
    <Filter Include="Source Files\app\localization">
      <UniqueIdentifier>{5e3e9836-52fd-4562-a3cd-6b4caeb37d21}</UniqueIdentifier>
    </Filter>
    <Filter Include="Source Files\app\c_bitmap_font">
      <UniqueIdentifier>{f8ed2661-ef23-4081-8e84-d27ec0e9e04d}</UniqueIdentifier>
    </Filter>
    <Filter Include="Source Files\core">
      <UniqueIdentifier>{4d48b634-1fcd-4d99-90d7-907758d82ef9}</UniqueIdentifier>
    </Filter>
    <Filter Include="Header Files">
      <UniqueIdentifier>{93995380-89BD-4b04-88EB-625FBE52EBFB}</UniqueIdentifier>
      <Extensions>h;hh;hpp;hxx;hm;inl;inc;ipp;xsd</Extensions>
    </Filter>
    <Filter Include="Header Files\utils">
      <UniqueIdentifier>{6db7f006-d06f-417c-a8cc-fc30cbd35436}</UniqueIdentifier>
    </Filter>
    <Filter Include="Header Files\app">
      <UniqueIdentifier>{c8448304-b2e2-40e9-a8ee-2547154c3cc9}</UniqueIdentifier>
    </Filter>
    <Filter Include="Header Files\core">
      <UniqueIdentifier>{74d98a6d-ce93-4b35-af9c-c7e7179c0ce7}</UniqueIdentifier>
    </Filter>
  </ItemGroup>
  <ItemGroup>
    <ClInclude Include="inc\byte_pattern.h">
      <Filter>Header Files\utils</Filter>
    </ClInclude>
    <ClInclude Include="inc\plugin_64.h">
      <Filter>Header Files\app</Filter>
    </ClInclude>
    <ClInclude Include="inc\framework.h">
      <Filter>Header Files\core</Filter>
    </ClInclude>
    <ClInclude Include="inc\pch.h">
      <Filter>Header Files\core</Filter>
    </ClInclude>
    <ClInclude Include="inc\injector.hpp">
      <Filter>Header Files\utils</Filter>
    </ClInclude>
    <ClInclude Include="inc\translator.hpp">
      <Filter>Header Files\utils</Filter>
    </ClInclude>
    <ClInclude Include="inc\calling.hpp">
      <Filter>Header Files\utils</Filter>
    </ClInclude>
    <ClInclude Include="inc\assembly.hpp">
      <Filter>Header Files\utils</Filter>
    </ClInclude>
    <ClInclude Include="inc\utility.hpp">
      <Filter>Header Files\utils</Filter>
    </ClInclude>
    <ClInclude Include="inc\mod_download.h">
      <Filter>Header Files\core</Filter>
    </ClInclude>
    <ClInclude Include="inc\escape_tool.h">
      <Filter>Header Files\utils</Filter>
    </ClInclude>
  </ItemGroup>
  <ItemGroup>
    <ClCompile Include="src\byte_pattern.cpp">
      <Filter>Source Files\utils</Filter>
    </ClCompile>
    <ClCompile Include="src\pch.cpp">
      <Filter>Source Files\core</Filter>
    </ClCompile>
    <ClCompile Include="src\dll_main.cpp">
      <Filter>Source Files\core</Filter>
    </ClCompile>
    <ClCompile Include="src\version.cpp">
      <Filter>Source Files\app\version</Filter>
    </ClCompile>
    <ClCompile Include="inc\hooking.hpp">
      <Filter>Header Files\utils</Filter>
    </ClCompile>
    <ClCompile Include="src\font.cpp">
      <Filter>Source Files\app\font</Filter>
    </ClCompile>
    <ClCompile Include="src\main_text.cpp">
      <Filter>Source Files\app\main_text</Filter>
    </ClCompile>
    <ClCompile Include="src\tooltip_and_button.cpp">
      <Filter>Source Files\app\tooltip_and_button</Filter>
    </ClCompile>
    <ClCompile Include="src\map_view.cpp">
      <Filter>Source Files\app\map_view</Filter>
    </ClCompile>
    <ClCompile Include="src\map_adjustment.cpp">
      <Filter>Source Files\app\map_adjustment</Filter>
    </ClCompile>
    <ClCompile Include="src\map_justify.cpp">
      <Filter>Source Files\app\map_justify</Filter>
    </ClCompile>
    <ClCompile Include="src\event_dialog.cpp">
      <Filter>Source Files\app\event_dialog</Filter>
    </ClCompile>
    <ClCompile Include="src\mod_download.cpp">
      <Filter>Source Files\core</Filter>
    </ClCompile>
    <ClCompile Include="src\map_popup.cpp">
      <Filter>Source Files\app\map_popup</Filter>
    </ClCompile>
    <ClCompile Include="src\list_field_adjustment.cpp">
      <Filter>Source Files\app\list_field_adjustment</Filter>
    </ClCompile>
    <ClCompile Include="src\validator.cpp">
      <Filter>Source Files\app\validator</Filter>
    </ClCompile>
    <ClCompile Include="src\file_save.cpp">
      <Filter>Source Files\app\file_save</Filter>
    </ClCompile>
    <ClCompile Include="src\escape_tool.cpp">
      <Filter>Source Files\utils</Filter>
    </ClCompile>
    <ClCompile Include="src\date.cpp">
      <Filter>Source Files\app\date</Filter>
    </ClCompile>
    <ClCompile Include="src\map_nudge_view.cpp">
      <Filter>Source Files\app\map_nudge_view</Filter>
    </ClCompile>
    <ClCompile Include="src\ime.cpp">
      <Filter>Source Files\app\ime</Filter>
    </ClCompile>
    <ClCompile Include="src\input.cpp">
      <Filter>Source Files\app\input</Filter>
    </ClCompile>
    <ClCompile Include="src\options.cpp">
      <Filter>Source Files\app\options</Filter>
    </ClCompile>
    <ClCompile Include="src\localization.cpp">
      <Filter>Source Files\app\localization</Filter>
    </ClCompile>
    <ClCompile Include="src\c_bitmap_font.cpp">
      <Filter>Source Files\app\c_bitmap_font</Filter>
    </ClCompile>
  </ItemGroup>
  <ItemGroup>
    <MASM Include="src\asm\font_asm.asm">
      <Filter>Source Files\app\font</Filter>
    </MASM>
    <MASM Include="src\asm\main_text_asm.asm">
      <Filter>Source Files\app\main_text</Filter>
    </MASM>
    <MASM Include="src\asm\tooltip_and_button_asm.asm">
      <Filter>Source Files\app\tooltip_and_button</Filter>
    </MASM>
    <MASM Include="src\asm\map_view_asm.asm">
      <Filter>Source Files\app\map_view</Filter>
    </MASM>
    <MASM Include="src\asm\map_adjustment_asm.asm">
      <Filter>Source Files\app\map_adjustment</Filter>
    </MASM>
    <MASM Include="src\asm\map_justify_asm.asm">
      <Filter>Source Files\app\map_justify</Filter>
    </MASM>
    <MASM Include="src\asm\event_dialog_asm.asm">
      <Filter>Source Files\app\event_dialog</Filter>
    </MASM>
    <MASM Include="src\asm\map_popup_asm.asm">
      <Filter>Source Files\app\map_popup</Filter>
    </MASM>
    <MASM Include="src\asm\list_field_adjustment_asm.asm">
      <Filter>Source Files\app\list_field_adjustment</Filter>
    </MASM>
    <MASM Include="src\asm\file_save_asm.asm">
      <Filter>Source Files\app\file_save</Filter>
    </MASM>
    <MASM Include="src\asm\map_nudge_view_asm.asm">
      <Filter>Source Files\app\map_nudge_view</Filter>
    </MASM>
    <MASM Include="src\asm\ime_asm.asm">
      <Filter>Source Files\app\ime</Filter>
    </MASM>
    <MASM Include="src\asm\input_asm.asm">
      <Filter>Source Files\app\input</Filter>
    </MASM>
    <MASM Include="src\asm\localization_asm.asm">
      <Filter>Source Files\app\localization</Filter>
    </MASM>
    <MASM Include="src\asm\c_bitmap_font_asm.asm">
      <Filter>Source Files\app\c_bitmap_font</Filter>
    </MASM>
  </ItemGroup>
  <ItemGroup>
    <None Include="packages.config" />
  </ItemGroup>
</Project>